# Generated by pub
# See https://dart.dev/tools/pub/glossary#lockfile
packages:
  animate_do:
    dependency: "direct main"
    description:
      name: animate_do
      sha256: "91b3e0306ba2096c7a7e1ee1ba96f491e25e92034c215f4bf8de6a7251c4bef1"
      url: "https://pub.dev"
    source: hosted
    version: "3.1.2"
  archive:
    dependency: transitive
    description:
      name: archive
      sha256: "20071638cbe4e5964a427cfa0e86dce55d060bc7d82d56f3554095d7239a8765"
      url: "https://pub.dev"
    source: hosted
    version: "3.4.2"
  args:
    dependency: transitive
    description:
      name: args
      sha256: eef6c46b622e0494a36c5a12d10d77fb4e855501a91c1b9ef9339326e58f0596
      url: "https://pub.dev"
    source: hosted
    version: "2.4.2"
  async:
    dependency: transitive
    description:
      name: async
      sha256: "947bfcf187f74dbc5e146c9eb9c0f10c9f8b30743e341481c1e2ed3ecc18c20c"
      url: "https://pub.dev"
    source: hosted
    version: "2.11.0"
  audioplayers:
    dependency: "direct main"
    description:
      name: audioplayers
      sha256: c05c6147124cd63e725e861335a8b4d57300b80e6e92cea7c145c739223bbaef
      url: "https://pub.dev"
    source: hosted
    version: "5.2.1"
  audioplayers_android:
    dependency: transitive
    description:
      name: audioplayers_android
      sha256: b00e1a0e11365d88576320ec2d8c192bc21f1afb6c0e5995d1c57ae63156acb5
      url: "https://pub.dev"
    source: hosted
    version: "4.0.3"
  audioplayers_darwin:
    dependency: transitive
    description:
      name: audioplayers_darwin
      sha256: "3034e99a6df8d101da0f5082dcca0a2a99db62ab1d4ddb3277bed3f6f81afe08"
      url: "https://pub.dev"
    source: hosted
    version: "5.0.2"
  audioplayers_linux:
    dependency: transitive
    description:
      name: audioplayers_linux
      sha256: "60787e73fefc4d2e0b9c02c69885402177e818e4e27ef087074cf27c02246c9e"
      url: "https://pub.dev"
    source: hosted
    version: "3.1.0"
  audioplayers_platform_interface:
    dependency: transitive
    description:
      name: audioplayers_platform_interface
      sha256: "365c547f1bb9e77d94dd1687903a668d8f7ac3409e48e6e6a3668a1ac2982adb"
      url: "https://pub.dev"
    source: hosted
    version: "6.1.0"
  audioplayers_web:
    dependency: transitive
    description:
      name: audioplayers_web
      sha256: "22cd0173e54d92bd9b2c80b1204eb1eb159ece87475ab58c9788a70ec43c2a62"
      url: "https://pub.dev"
    source: hosted
    version: "4.1.0"
  audioplayers_windows:
    dependency: transitive
    description:
      name: audioplayers_windows
      sha256: "9536812c9103563644ada2ef45ae523806b0745f7a78e89d1b5fb1951de90e1a"
      url: "https://pub.dev"
    source: hosted
    version: "3.1.0"
  auto_animated:
    dependency: "direct main"
    description:
      name: auto_animated
      sha256: f62311033d043d2709c25444551debdfd08649138c2923b0298d776792291149
      url: "https://pub.dev"
    source: hosted
    version: "3.2.0"
  boolean_selector:
    dependency: transitive
    description:
      name: boolean_selector
      sha256: "6cfb5af12253eaf2b368f07bacc5a80d1301a071c73360d746b7f2e32d762c66"
      url: "https://pub.dev"
    source: hosted
    version: "2.1.1"
  bottom_inset_observer:
    dependency: transitive
    description:
      name: bottom_inset_observer
      sha256: cbfb01e0e07cc4922052701786d5e607765a6f54e1844f41061abf8744519a7d
      url: "https://pub.dev"
    source: hosted
    version: "3.1.0"
  bottom_sheet:
    dependency: "direct main"
    description:
      name: bottom_sheet
      sha256: "922d43e46e5f3761f5319a08bb06a889f261f98087bcf2a8eceb4203d498bcc3"
      url: "https://pub.dev"
    source: hosted
    version: "4.0.0"
  carousel_slider:
    dependency: "direct main"
    description:
      name: carousel_slider
      sha256: "9c695cc963bf1d04a47bd6021f68befce8970bcd61d24938e1fb0918cf5d9c42"
      url: "https://pub.dev"
    source: hosted
    version: "4.2.1"
  characters:
    dependency: transitive
    description:
      name: characters
      sha256: "04a925763edad70e8443c99234dc3328f442e811f1d8fd1a72f1c8ad0f69a605"
      url: "https://pub.dev"
    source: hosted
    version: "1.3.0"
  clock:
    dependency: transitive
    description:
      name: clock
      sha256: cb6d7f03e1de671e34607e909a7213e31d7752be4fb66a86d29fe1eb14bfb5cf
      url: "https://pub.dev"
    source: hosted
    version: "1.1.1"
  collection:
    dependency: transitive
    description:
      name: collection
      sha256: f092b211a4319e98e5ff58223576de6c2803db36221657b46c82574721240687
      url: "https://pub.dev"
    source: hosted
    version: "1.17.2"
  convert:
    dependency: transitive
    description:
      name: convert
      sha256: "0f08b14755d163f6e2134cb58222dd25ea2a2ee8a195e53983d57c075324d592"
      url: "https://pub.dev"
    source: hosted
    version: "3.1.1"
  cross_file:
    dependency: transitive
    description:
      name: cross_file
      sha256: "445db18de832dba8d851e287aff8ccf169bed30d2e94243cb54c7d2f1ed2142c"
      url: "https://pub.dev"
    source: hosted
    version: "0.3.3+6"
  crypto:
    dependency: transitive
    description:
      name: crypto
      sha256: ff625774173754681d66daaf4a448684fb04b78f902da9cb3d308c19cc5e8bab
      url: "https://pub.dev"
    source: hosted
    version: "3.0.3"
  csslib:
    dependency: transitive
    description:
      name: csslib
      sha256: "706b5707578e0c1b4b7550f64078f0a0f19dec3f50a178ffae7006b0a9ca58fb"
      url: "https://pub.dev"
    source: hosted
    version: "1.0.0"
  cupertino_icons:
    dependency: "direct main"
    description:
      name: cupertino_icons
      sha256: d57953e10f9f8327ce64a508a355f0b1ec902193f66288e8cb5070e7c47eeb2d
      url: "https://pub.dev"
    source: hosted
    version: "1.0.6"
  device_frame:
    dependency: transitive
    description:
      name: device_frame
      sha256: afe76182aec178d171953d9b4a50a43c57c7cf3c77d8b09a48bf30c8fa04dd9d
      url: "https://pub.dev"
    source: hosted
    version: "1.1.0"
  device_preview:
    dependency: "direct main"
    description:
      name: device_preview
      sha256: "2f097bf31b929e15e6756dbe0ec1bcb63952ab9ed51c25dc5a2c722d2b21fdaf"
      url: "https://pub.dev"
    source: hosted
    version: "1.1.0"
  emoji_picker_flutter:
    dependency: "direct main"
    description:
      name: emoji_picker_flutter
      sha256: "8506341d62efd116d6fb1481450bffdbac659d3d90d46d9cc610bfae5f33cc54"
      url: "https://pub.dev"
    source: hosted
    version: "1.6.4"
  equatable:
    dependency: transitive
    description:
      name: equatable
      sha256: c2b87cb7756efdf69892005af546c56c0b5037f54d2a88269b4f347a505e3ca2
      url: "https://pub.dev"
    source: hosted
    version: "2.0.5"
  fake_async:
    dependency: transitive
    description:
      name: fake_async
      sha256: "511392330127add0b769b75a987850d136345d9227c6b94c96a04cf4a391bf78"
      url: "https://pub.dev"
    source: hosted
    version: "1.3.1"
  ffi:
    dependency: transitive
    description:
      name: ffi
      sha256: "7bf0adc28a23d395f19f3f1eb21dd7cfd1dd9f8e1c50051c069122e6853bc878"
      url: "https://pub.dev"
    source: hosted
    version: "2.1.0"
  ffmpeg_kit_flutter:
    dependency: transitive
    description:
      name: ffmpeg_kit_flutter
      sha256: "843aae41823ca94a0988d975b4b6cdc6948744b9b7e2707d81a3a9cd237b0100"
      url: "https://pub.dev"
    source: hosted
    version: "6.0.3"
  ffmpeg_kit_flutter_platform_interface:
    dependency: transitive
    description:
      name: ffmpeg_kit_flutter_platform_interface
      sha256: addf046ae44e190ad0101b2fde2ad909a3cd08a2a109f6106d2f7048b7abedee
      url: "https://pub.dev"
    source: hosted
    version: "0.2.1"
  file:
    dependency: transitive
    description:
      name: file
      sha256: "1b92bec4fc2a72f59a8e15af5f52cd441e4a7860b49499d69dfa817af20e925d"
      url: "https://pub.dev"
    source: hosted
    version: "6.1.4"
  file_picker:
    dependency: "direct main"
    description:
      name: file_picker
      sha256: "4e42aacde3b993c5947467ab640882c56947d9d27342a5b6f2895b23956954a6"
      url: "https://pub.dev"
    source: hosted
    version: "6.1.1"
  file_selector_linux:
    dependency: transitive
    description:
      name: file_selector_linux
      sha256: "045d372bf19b02aeb69cacf8b4009555fb5f6f0b7ad8016e5f46dd1387ddd492"
      url: "https://pub.dev"
    source: hosted
    version: "0.9.2+1"
  file_selector_macos:
    dependency: transitive
    description:
      name: file_selector_macos
      sha256: b15c3da8bd4908b9918111fa486903f5808e388b8d1c559949f584725a6594d6
      url: "https://pub.dev"
    source: hosted
    version: "0.9.3+3"
  file_selector_platform_interface:
    dependency: transitive
    description:
      name: file_selector_platform_interface
      sha256: "0aa47a725c346825a2bd396343ce63ac00bda6eff2fbc43eabe99737dede8262"
      url: "https://pub.dev"
    source: hosted
    version: "2.6.1"
  file_selector_windows:
    dependency: transitive
    description:
      name: file_selector_windows
      sha256: d3547240c20cabf205c7c7f01a50ecdbc413755814d6677f3cb366f04abcead0
      url: "https://pub.dev"
    source: hosted
    version: "0.9.3+1"
  fl_chart:
    dependency: "direct main"
    description:
      name: fl_chart
      sha256: "6b9eb2b3017241d05c482c01f668dd05cc909ec9a0114fdd49acd958ff2432fa"
      url: "https://pub.dev"
    source: hosted
    version: "0.64.0"
  flutter:
    dependency: "direct main"
    description: flutter
    source: sdk
    version: "0.0.0"
  flutter_animated_icons:
    dependency: "direct main"
    description:
      name: flutter_animated_icons
      sha256: f9d8069c746b3723d7c9a70087913ddff8e44ea636b831bcccfc58082600afe9
      url: "https://pub.dev"
    source: hosted
    version: "1.0.1"
  flutter_easyloading:
    dependency: "direct main"
    description:
      name: flutter_easyloading
      sha256: ba21a3c883544e582f9cc455a4a0907556714e1e9cf0eababfcb600da191d17c
      url: "https://pub.dev"
    source: hosted
    version: "3.0.5"
  flutter_lints:
    dependency: "direct dev"
    description:
      name: flutter_lints
      sha256: a25a15ebbdfc33ab1cd26c63a6ee519df92338a9c10f122adda92938253bef04
      url: "https://pub.dev"
    source: hosted
    version: "2.0.3"
  flutter_localizations:
    dependency: transitive
    description: flutter
    source: sdk
    version: "0.0.0"
  flutter_plugin_android_lifecycle:
    dependency: transitive
    description:
      name: flutter_plugin_android_lifecycle
      sha256: b068ffc46f82a55844acfa4fdbb61fad72fa2aef0905548419d97f0f95c456da
      url: "https://pub.dev"
    source: hosted
    version: "2.0.17"
  flutter_spinkit:
    dependency: transitive
    description:
      name: flutter_spinkit
      sha256: b39c753e909d4796906c5696a14daf33639a76e017136c8d82bf3e620ce5bb8e
      url: "https://pub.dev"
    source: hosted
    version: "5.2.0"
  flutter_svg:
    dependency: "direct main"
    description:
      name: flutter_svg
      sha256: "8c5d68a82add3ca76d792f058b186a0599414f279f00ece4830b9b231b570338"
      url: "https://pub.dev"
    source: hosted
    version: "2.0.7"
  flutter_switch:
    dependency: "direct main"
    description:
      name: flutter_switch
      sha256: b91477f926bba135d2d203d7b24367492662d8d9c3aa6adb960b14c1087d3c41
      url: "https://pub.dev"
    source: hosted
    version: "0.3.2"
  flutter_test:
    dependency: "direct dev"
    description: flutter
    source: sdk
    version: "0.0.0"
  flutter_web_plugins:
    dependency: transitive
    description: flutter
    source: sdk
    version: "0.0.0"
  freezed_annotation:
    dependency: transitive
    description:
      name: freezed_annotation
      sha256: c3fd9336eb55a38cc1bbd79ab17573113a8deccd0ecbbf926cca3c62803b5c2d
      url: "https://pub.dev"
    source: hosted
    version: "2.4.1"
  geocoding:
    dependency: "direct main"
    description:
      name: geocoding
      sha256: b34c0501bbbaf3190b85bef3078b27cf66c28a8915c6d3af50d67f356aa7da31
      url: "https://pub.dev"
    source: hosted
    version: "2.1.0"
  geocoding_android:
    dependency: transitive
    description:
      name: geocoding_android
      sha256: "609db1d71bc364dd9d0616f72a41c01e0c74f3a3807efb85e0d5a67e57baf50f"
      url: "https://pub.dev"
    source: hosted
    version: "2.1.2"
  geocoding_ios:
    dependency: transitive
    description:
      name: geocoding_ios
      sha256: c85495ce8fb34e4fbd2dd8fc5f79263d622d9f88c4af948c965daf6b27a7f3a1
      url: "https://pub.dev"
    source: hosted
    version: "2.1.0"
  geocoding_platform_interface:
    dependency: transitive
    description:
      name: geocoding_platform_interface
      sha256: "8848605d307d844d89937cdb4b8ad7dfa880552078f310fa24d8a460f6dddab4"
      url: "https://pub.dev"
    source: hosted
    version: "2.0.1"
  geolocator:
    dependency: "direct main"
    description:
      name: geolocator
      sha256: "9f1c9a70dd25fc9d9574ff17ba714cf3bc7894258efd7d1ce0debfafe2f8e1d8"
      url: "https://pub.dev"
    source: hosted
    version: "10.0.1"
  geolocator_android:
    dependency: transitive
    description:
      name: geolocator_android
      sha256: db75aacf93fcdc2c0ba20066019da30e3fde7b102cf579d4bd4ea542e8a8cf17
      url: "https://pub.dev"
    source: hosted
    version: "4.2.4"
  geolocator_apple:
    dependency: transitive
    description:
      name: geolocator_apple
      sha256: "36527c555f4c425f7d8fa8c7c07d67b78e3ff7590d40448051959e1860c1cfb4"
      url: "https://pub.dev"
    source: hosted
    version: "2.2.7"
  geolocator_platform_interface:
    dependency: transitive
    description:
      name: geolocator_platform_interface
      sha256: b2a0c09d2cfe8ad6a8cc44fada5c1092c49286e8c30922914dfe2b23799a682f
      url: "https://pub.dev"
    source: hosted
    version: "4.0.8"
  geolocator_web:
    dependency: transitive
    description:
      name: geolocator_web
      sha256: f68a122da48fcfff68bbc9846bb0b74ef651afe84a1b1f6ec20939de4d6860e1
      url: "https://pub.dev"
    source: hosted
    version: "2.1.6"
  geolocator_windows:
    dependency: transitive
    description:
      name: geolocator_windows
      sha256: "463045515b08bd83f73e014359c4ad063b902eb3899952cfb784497ae6c6583b"
      url: "https://pub.dev"
    source: hosted
    version: "0.2.0"
  get:
    dependency: "direct main"
    description:
      name: get
      sha256: "2ba20a47c8f1f233bed775ba2dd0d3ac97b4cf32fc17731b3dfc672b06b0e92a"
      url: "https://pub.dev"
    source: hosted
    version: "4.6.5"
  google_fonts:
    dependency: "direct main"
    description:
      name: google_fonts
      sha256: "0833bfcc1c32560ee51d381fcf1d6d6b35921e89afe852c12f83dc8c00b2e6bc"
      url: "https://pub.dev"
    source: hosted
    version: "6.0.0"
  html:
    dependency: transitive
    description:
      name: html
      sha256: "3a7812d5bcd2894edf53dfaf8cd640876cf6cef50a8f238745c8b8120ea74d3a"
      url: "https://pub.dev"
    source: hosted
    version: "0.15.4"
  http:
    dependency: "direct main"
    description:
      name: http
      sha256: "759d1a329847dd0f39226c688d3e06a6b8679668e350e2891a6474f8b4bb8525"
      url: "https://pub.dev"
    source: hosted
    version: "1.1.0"
  http_parser:
    dependency: transitive
    description:
      name: http_parser
      sha256: "2aa08ce0341cc9b354a498388e30986515406668dbcc4f7c950c3e715496693b"
      url: "https://pub.dev"
    source: hosted
    version: "4.0.2"
  image_cropper:
    dependency: "direct main"
    description:
      name: image_cropper
      sha256: "19340e50a8c09124ef2196884e9eb79d219d84cb819cfbf52141221216e30515"
      url: "https://pub.dev"
    source: hosted
    version: "5.0.0"
  image_cropper_for_web:
    dependency: transitive
    description:
      name: image_cropper_for_web
      sha256: "865d798b5c9d826f1185b32e5d0018c4183ddb77b7b82a931e1a06aa3b74974e"
      url: "https://pub.dev"
    source: hosted
    version: "3.0.0"
  image_cropper_platform_interface:
    dependency: transitive
    description:
      name: image_cropper_platform_interface
      sha256: ee160d686422272aa306125f3b6fb1c1894d9b87a5e20ed33fa008e7285da11e
      url: "https://pub.dev"
    source: hosted
    version: "5.0.0"
  image_picker:
    dependency: "direct main"
    description:
      name: image_picker
      sha256: "7d7f2768df2a8b0a3cefa5ef4f84636121987d403130e70b17ef7e2cf650ba84"
      url: "https://pub.dev"
    source: hosted
    version: "1.0.4"
  image_picker_android:
    dependency: transitive
    description:
      name: image_picker_android
      sha256: d6a6e78821086b0b737009b09363018309bbc6de3fd88cc5c26bc2bb44a4957f
      url: "https://pub.dev"
    source: hosted
    version: "0.8.8+2"
  image_picker_for_web:
    dependency: transitive
    description:
      name: image_picker_for_web
      sha256: "50bc9ae6a77eea3a8b11af5eb6c661eeb858fdd2f734c2a4fd17086922347ef7"
      url: "https://pub.dev"
    source: hosted
    version: "3.0.1"
  image_picker_ios:
    dependency: transitive
    description:
      name: image_picker_ios
      sha256: "76ec722aeea419d03aa915c2c96bf5b47214b053899088c9abb4086ceecf97a7"
      url: "https://pub.dev"
    source: hosted
    version: "0.8.8+4"
  image_picker_linux:
    dependency: transitive
    description:
      name: image_picker_linux
      sha256: "4ed1d9bb36f7cd60aa6e6cd479779cc56a4cb4e4de8f49d487b1aaad831300fa"
      url: "https://pub.dev"
    source: hosted
    version: "0.2.1+1"
  image_picker_macos:
    dependency: transitive
    description:
      name: image_picker_macos
      sha256: "3f5ad1e8112a9a6111c46d0b57a7be2286a9a07fc6e1976fdf5be2bd31d4ff62"
      url: "https://pub.dev"
    source: hosted
    version: "0.2.1+1"
  image_picker_platform_interface:
    dependency: transitive
    description:
      name: image_picker_platform_interface
      sha256: ed9b00e63977c93b0d2d2b343685bed9c324534ba5abafbb3dfbd6a780b1b514
      url: "https://pub.dev"
    source: hosted
    version: "2.9.1"
  image_picker_windows:
    dependency: transitive
    description:
      name: image_picker_windows
      sha256: "6ad07afc4eb1bc25f3a01084d28520496c4a3bb0cb13685435838167c9dcedeb"
      url: "https://pub.dev"
    source: hosted
    version: "0.2.1+1"
  intl:
    dependency: "direct main"
    description:
      name: intl
      sha256: "3bc132a9dbce73a7e4a21a17d06e1878839ffbf975568bc875c60537824b0c4d"
      url: "https://pub.dev"
    source: hosted
    version: "0.18.1"
  js:
    dependency: transitive
    description:
      name: js
      sha256: f2c445dce49627136094980615a031419f7f3eb393237e4ecd97ac15dea343f3
      url: "https://pub.dev"
    source: hosted
    version: "0.6.7"
  json_annotation:
    dependency: transitive
    description:
      name: json_annotation
      sha256: b10a7b2ff83d83c777edba3c6a0f97045ddadd56c944e1a23a3fdf43a1bf4467
      url: "https://pub.dev"
    source: hosted
    version: "4.8.1"
  lints:
    dependency: transitive
    description:
      name: lints
      sha256: "0a217c6c989d21039f1498c3ed9f3ed71b354e69873f13a8dfc3c9fe76f1b452"
      url: "https://pub.dev"
    source: hosted
    version: "2.1.1"
  lottie:
    dependency: transitive
    description:
      name: lottie
      sha256: "893da7a0022ec2fcaa616f34529a081f617e86cc501105b856e5a3184c58c7c2"
      url: "https://pub.dev"
    source: hosted
    version: "1.4.3"
  matcher:
    dependency: transitive
    description:
      name: matcher
      sha256: "1803e76e6653768d64ed8ff2e1e67bea3ad4b923eb5c56a295c3e634bad5960e"
      url: "https://pub.dev"
    source: hosted
    version: "0.12.16"
  material_color_utilities:
    dependency: transitive
    description:
      name: material_color_utilities
      sha256: "9528f2f296073ff54cb9fee677df673ace1218163c3bc7628093e7eed5203d41"
      url: "https://pub.dev"
    source: hosted
    version: "0.5.0"
  meta:
    dependency: transitive
    description:
      name: meta
      sha256: "3c74dbf8763d36539f114c799d8a2d87343b5067e9d796ca22b5eb8437090ee3"
      url: "https://pub.dev"
    source: hosted
    version: "1.9.1"
  mime:
    dependency: transitive
    description:
      name: mime
      sha256: e4ff8e8564c03f255408decd16e7899da1733852a9110a58fe6d1b817684a63e
      url: "https://pub.dev"
    source: hosted
    version: "1.0.4"
  nested:
    dependency: transitive
    description:
      name: nested
      sha256: "03bac4c528c64c95c722ec99280375a6f2fc708eec17c7b3f07253b626cd2a20"
      url: "https://pub.dev"
    source: hosted
    version: "1.0.0"
  path:
    dependency: transitive
    description:
      name: path
      sha256: "8829d8a55c13fc0e37127c29fedf290c102f4e40ae94ada574091fe0ff96c917"
      url: "https://pub.dev"
    source: hosted
    version: "1.8.3"
  path_parsing:
    dependency: transitive
    description:
      name: path_parsing
      sha256: e3e67b1629e6f7e8100b367d3db6ba6af4b1f0bb80f64db18ef1fbabd2fa9ccf
      url: "https://pub.dev"
    source: hosted
    version: "1.0.1"
  path_provider:
    dependency: "direct main"
    description:
      name: path_provider
      sha256: a1aa8aaa2542a6bc57e381f132af822420216c80d4781f7aa085ca3229208aaa
      url: "https://pub.dev"
    source: hosted
    version: "2.1.1"
  path_provider_android:
    dependency: transitive
    description:
      name: path_provider_android
      sha256: "6b8b19bd80da4f11ce91b2d1fb931f3006911477cec227cce23d3253d80df3f1"
      url: "https://pub.dev"
    source: hosted
    version: "2.2.0"
  path_provider_foundation:
    dependency: transitive
    description:
      name: path_provider_foundation
      sha256: "19314d595120f82aca0ba62787d58dde2cc6b5df7d2f0daf72489e38d1b57f2d"
      url: "https://pub.dev"
    source: hosted
    version: "2.3.1"
  path_provider_linux:
    dependency: transitive
    description:
      name: path_provider_linux
      sha256: f7a1fe3a634fe7734c8d3f2766ad746ae2a2884abe22e241a8b301bf5cac3279
      url: "https://pub.dev"
    source: hosted
    version: "2.2.1"
  path_provider_platform_interface:
    dependency: transitive
    description:
      name: path_provider_platform_interface
      sha256: "94b1e0dd80970c1ce43d5d4e050a9918fce4f4a775e6142424c30a29a363265c"
      url: "https://pub.dev"
    source: hosted
    version: "2.1.1"
  path_provider_windows:
    dependency: transitive
    description:
      name: path_provider_windows
      sha256: "8bc9f22eee8690981c22aa7fc602f5c85b497a6fb2ceb35ee5a5e5ed85ad8170"
      url: "https://pub.dev"
    source: hosted
    version: "2.2.1"
  permission_handler:
    dependency: "direct main"
    description:
      name: permission_handler
      sha256: ad65ba9af42a3d067203641de3fd9f547ded1410bad3b84400c2b4899faede70
      url: "https://pub.dev"
    source: hosted
    version: "11.0.0"
  permission_handler_android:
    dependency: transitive
    description:
      name: permission_handler_android
      sha256: "740c9c9d3090a29cd2fd1f193bba457ac1d2cef1da0ef91f2630d3d9e3c01c15"
      url: "https://pub.dev"
    source: hosted
    version: "11.0.2"
  permission_handler_apple:
    dependency: transitive
    description:
      name: permission_handler_apple
      sha256: "99e220bce3f8877c78e4ace901082fb29fa1b4ebde529ad0932d8d664b34f3f5"
      url: "https://pub.dev"
    source: hosted
    version: "9.1.4"
  permission_handler_platform_interface:
    dependency: transitive
    description:
      name: permission_handler_platform_interface
      sha256: f2343e9fa9c22ae4fd92d4732755bfe452214e7189afcc097380950cf567b4b2
      url: "https://pub.dev"
    source: hosted
    version: "3.11.5"
  permission_handler_windows:
    dependency: transitive
    description:
      name: permission_handler_windows
      sha256: cc074aace208760f1eee6aa4fae766b45d947df85bc831cde77009cdb4720098
      url: "https://pub.dev"
    source: hosted
    version: "0.1.3"
  persistent_bottom_nav_bar:
    dependency: "direct main"
    description:
      name: persistent_bottom_nav_bar
      sha256: e2e031e3366fde01511e372a9a19d720a9b252bb456e5c8d77a30d7a4a2ddfb0
      url: "https://pub.dev"
    source: hosted
    version: "5.0.2"
  petitparser:
    dependency: transitive
    description:
      name: petitparser
      sha256: cb3798bef7fc021ac45b308f4b51208a152792445cce0448c9a4ba5879dd8750
      url: "https://pub.dev"
    source: hosted
    version: "5.4.0"
  pinput:
    dependency: "direct main"
    description:
      name: pinput
      sha256: a92b55ecf9c25d1b9e100af45905385d5bc34fc9b6b04177a9e82cb88fe4d805
      url: "https://pub.dev"
    source: hosted
    version: "3.0.1"
  platform:
    dependency: transitive
    description:
      name: platform
      sha256: ae68c7bfcd7383af3629daafb32fb4e8681c7154428da4febcff06200585f102
      url: "https://pub.dev"
    source: hosted
    version: "3.1.2"
  plugin_platform_interface:
    dependency: transitive
    description:
      name: plugin_platform_interface
      sha256: da3fdfeccc4d4ff2da8f8c556704c08f912542c5fb3cf2233ed75372384a034d
      url: "https://pub.dev"
    source: hosted
    version: "2.1.6"
  pointycastle:
    dependency: transitive
    description:
      name: pointycastle
      sha256: "7c1e5f0d23c9016c5bbd8b1473d0d3fb3fc851b876046039509e18e0c7485f2c"
      url: "https://pub.dev"
    source: hosted
    version: "3.7.3"
  provider:
    dependency: transitive
    description:
      name: provider
      sha256: cdbe7530b12ecd9eb455bdaa2fcb8d4dad22e80b8afb4798b41479d5ce26847f
      url: "https://pub.dev"
    source: hosted
    version: "6.0.5"
  record:
    dependency: "direct main"
    description:
      name: record
      sha256: f703397f5a60d9b2b655b3acc94ba079b2d9a67dc0725bdb90ef2fee2441ebf7
      url: "https://pub.dev"
    source: hosted
    version: "4.4.4"
  record_linux:
    dependency: transitive
    description:
      name: record_linux
      sha256: "348db92c4ec1b67b1b85d791381c8c99d7c6908de141e7c9edc20dad399b15ce"
      url: "https://pub.dev"
    source: hosted
    version: "0.4.1"
  record_macos:
    dependency: transitive
    description:
      name: record_macos
      sha256: d1d0199d1395f05e218207e8cacd03eb9dc9e256ddfe2cfcbbb90e8edea06057
      url: "https://pub.dev"
    source: hosted
    version: "0.2.2"
  record_platform_interface:
    dependency: transitive
    description:
      name: record_platform_interface
      sha256: "7a2d4ce7ac3752505157e416e4e0d666a54b1d5d8601701b7e7e5e30bec181b4"
      url: "https://pub.dev"
    source: hosted
    version: "0.5.0"
  record_web:
    dependency: transitive
    description:
      name: record_web
      sha256: "219ffb4ca59b4338117857db56d3ffadbde3169bcaf1136f5f4d4656f4a2372d"
      url: "https://pub.dev"
    source: hosted
    version: "0.5.0"
  record_windows:
    dependency: transitive
    description:
      name: record_windows
      sha256: "42d545155a26b20d74f5107648dbb3382dbbc84dc3f1adc767040359e57a1345"
      url: "https://pub.dev"
    source: hosted
    version: "0.7.1"
  shared_preferences:
    dependency: "direct main"
    description:
      name: shared_preferences
      sha256: "81429e4481e1ccfb51ede496e916348668fd0921627779233bd24cc3ff6abd02"
      url: "https://pub.dev"
    source: hosted
    version: "2.2.2"
  shared_preferences_android:
    dependency: transitive
    description:
      name: shared_preferences_android
      sha256: "8568a389334b6e83415b6aae55378e158fbc2314e074983362d20c562780fb06"
      url: "https://pub.dev"
    source: hosted
    version: "2.2.1"
  shared_preferences_foundation:
    dependency: transitive
    description:
      name: shared_preferences_foundation
      sha256: "7bf53a9f2d007329ee6f3df7268fd498f8373602f943c975598bbb34649b62a7"
      url: "https://pub.dev"
    source: hosted
    version: "2.3.4"
  shared_preferences_linux:
    dependency: transitive
    description:
      name: shared_preferences_linux
      sha256: c2eb5bf57a2fe9ad6988121609e47d3e07bb3bdca5b6f8444e4cf302428a128a
      url: "https://pub.dev"
    source: hosted
    version: "2.3.1"
  shared_preferences_platform_interface:
    dependency: transitive
    description:
      name: shared_preferences_platform_interface
      sha256: d4ec5fc9ebb2f2e056c617112aa75dcf92fc2e4faaf2ae999caa297473f75d8a
      url: "https://pub.dev"
    source: hosted
    version: "2.3.1"
  shared_preferences_web:
    dependency: transitive
    description:
      name: shared_preferences_web
      sha256: d762709c2bbe80626ecc819143013cc820fa49ca5e363620ee20a8b15a3e3daf
      url: "https://pub.dev"
    source: hosted
    version: "2.2.1"
  shared_preferences_windows:
    dependency: transitive
    description:
      name: shared_preferences_windows
      sha256: f763a101313bd3be87edffe0560037500967de9c394a714cd598d945517f694f
      url: "https://pub.dev"
    source: hosted
    version: "2.3.1"
  sky_engine:
    dependency: transitive
    description: flutter
    source: sdk
    version: "0.0.99"
  smart_auth:
    dependency: transitive
    description:
      name: smart_auth
      sha256: a25229b38c02f733d0a4e98d941b42bed91a976cb589e934895e60ccfa674cf6
      url: "https://pub.dev"
    source: hosted
    version: "1.1.1"
  source_span:
    dependency: transitive
    description:
      name: source_span
      sha256: "53e943d4206a5e30df338fd4c6e7a077e02254531b138a15aec3bd143c1a8b3c"
      url: "https://pub.dev"
    source: hosted
    version: "1.10.0"
  stack_trace:
    dependency: transitive
    description:
      name: stack_trace
      sha256: c3c7d8edb15bee7f0f74debd4b9c5f3c2ea86766fe4178eb2a18eb30a0bdaed5
      url: "https://pub.dev"
    source: hosted
    version: "1.11.0"
  stream_channel:
    dependency: transitive
    description:
      name: stream_channel
      sha256: "83615bee9045c1d322bbbd1ba209b7a749c2cbcdcb3fdd1df8eb488b3279c1c8"
      url: "https://pub.dev"
    source: hosted
    version: "2.1.1"
  string_scanner:
    dependency: transitive
    description:
      name: string_scanner
      sha256: "556692adab6cfa87322a115640c11f13cb77b3f076ddcc5d6ae3c20242bedcde"
      url: "https://pub.dev"
    source: hosted
    version: "1.2.0"
  syncfusion_flutter_core:
    dependency: transitive
    description:
      name: syncfusion_flutter_core
      sha256: aea119c8117953fa5decf4a313b431e556b0959cd35ff88f8fbdc0eda9bedb06
      url: "https://pub.dev"
    source: hosted
    version: "23.1.36"
  syncfusion_flutter_sliders:
    dependency: "direct main"
    description:
      name: syncfusion_flutter_sliders
      sha256: "03efbc624ca881873b6bfb67048741c03a093c73729cbe83bee7007fc7897c8f"
      url: "https://pub.dev"
    source: hosted
    version: "23.1.36"
  synchronized:
    dependency: transitive
    description:
      name: synchronized
      sha256: "539ef412b170d65ecdafd780f924e5be3f60032a1128df156adad6c5b373d558"
      url: "https://pub.dev"
    source: hosted
    version: "3.1.0+1"
  term_glyph:
    dependency: transitive
    description:
      name: term_glyph
      sha256: a29248a84fbb7c79282b40b8c72a1209db169a2e0542bce341da992fe1bc7e84
      url: "https://pub.dev"
    source: hosted
    version: "1.2.1"
  test_api:
    dependency: transitive
    description:
      name: test_api
      sha256: "75760ffd7786fffdfb9597c35c5b27eaeec82be8edfb6d71d32651128ed7aab8"
      url: "https://pub.dev"
    source: hosted
    version: "0.6.0"
  timeago:
    dependency: "direct main"
    description:
      name: timeago
      sha256: c44b80cbc6b44627c00d76960f2af571f6f50e5dbedef4d9215d455e4335165b
      url: "https://pub.dev"
    source: hosted
    version: "3.6.0"
  transparent_image:
    dependency: transitive
    description:
      name: transparent_image
      sha256: e8991d955a2094e197ca24c645efec2faf4285772a4746126ca12875e54ca02f
      url: "https://pub.dev"
    source: hosted
    version: "2.0.1"
  typed_data:
    dependency: transitive
    description:
      name: typed_data
      sha256: facc8d6582f16042dd49f2463ff1bd6e2c9ef9f3d5da3d9b087e244a7b564b3c
      url: "https://pub.dev"
    source: hosted
    version: "1.3.2"
  universal_platform:
    dependency: transitive
    description:
      name: universal_platform
      sha256: d315be0f6641898b280ffa34e2ddb14f3d12b1a37882557869646e0cc363d0cc
      url: "https://pub.dev"
    source: hosted
    version: "1.0.0+1"
  uuid:
    dependency: transitive
    description:
      name: uuid
      sha256: "648e103079f7c64a36dc7d39369cabb358d377078a051d6ae2ad3aa539519313"
      url: "https://pub.dev"
    source: hosted
    version: "3.0.7"
  vector_graphics:
    dependency: transitive
    description:
      name: vector_graphics
      sha256: "670f6e07aca990b4a2bcdc08a784193c4ccdd1932620244c3a86bb72a0eac67f"
      url: "https://pub.dev"
    source: hosted
    version: "1.1.7"
  vector_graphics_codec:
    dependency: transitive
    description:
      name: vector_graphics_codec
      sha256: "7451721781d967db9933b63f5733b1c4533022c0ba373a01bdd79d1a5457f69f"
      url: "https://pub.dev"
    source: hosted
    version: "1.1.7"
  vector_graphics_compiler:
    dependency: transitive
    description:
      name: vector_graphics_compiler
      sha256: "80a13c613c8bde758b1464a1755a7b3a8f2b6cec61fbf0f5a53c94c30f03ba2e"
      url: "https://pub.dev"
    source: hosted
    version: "1.1.7"
  vector_math:
    dependency: transitive
    description:
      name: vector_math
      sha256: "80b3257d1492ce4d091729e3a67a60407d227c27241d6927be0130c98e741803"
      url: "https://pub.dev"
    source: hosted
    version: "2.1.4"
  video_editor:
    dependency: "direct main"
    description:
      name: video_editor
      sha256: "263be52e052118389f372f055f59c2fda5c7beecfdb706b899d2e05be8740c22"
      url: "https://pub.dev"
    source: hosted
    version: "3.0.0"
  video_player:
    dependency: "direct main"
    description:
      name: video_player
      sha256: fbf28ce8bcfe709ad91b5789166c832cb7a684d14f571a81891858fefb5bb1c2
      url: "https://pub.dev"
    source: hosted
    version: "2.8.2"
  video_player_android:
    dependency: transitive
    description:
      name: video_player_android
      sha256: "3fe89ab07fdbce786e7eb25b58532d6eaf189ceddc091cb66cba712f8d9e8e55"
      url: "https://pub.dev"
    source: hosted
    version: "2.4.10"
  video_player_avfoundation:
    dependency: transitive
    description:
      name: video_player_avfoundation
      sha256: bc923884640d6dc403050586eb40713cdb8d1d84e6886d8aca50ab04c59124c2
      url: "https://pub.dev"
    source: hosted
    version: "2.5.2"
  video_player_platform_interface:
    dependency: transitive
    description:
      name: video_player_platform_interface
      sha256: be72301bf2c0150ab35a8c34d66e5a99de525f6de1e8d27c0672b836fe48f73a
      url: "https://pub.dev"
    source: hosted
    version: "6.2.1"
  video_player_web:
    dependency: transitive
    description:
      name: video_player_web
      sha256: "9c34a243785feca23148bfcd772dbb803d63c9304488177ec4f3f4463802fcb7"
      url: "https://pub.dev"
    source: hosted
    version: "2.0.17"
  video_thumbnail:
    dependency: "direct main"
    description:
      name: video_thumbnail
      sha256: "3455c189d3f0bb4e3fc2236475aa84fe598b9b2d0e08f43b9761f5bc44210016"
      url: "https://pub.dev"
    source: hosted
    version: "0.5.3"
  video_trimmer:
    dependency: "direct main"
    description:
      name: video_trimmer
      sha256: "9f25516d21788a91c5448e9a57e0c876509aaf735686b007862ff124ab6aff9e"
      url: "https://pub.dev"
    source: hosted
    version: "3.0.1"
  visibility_detector:
    dependency: transitive
    description:
      name: visibility_detector
      sha256: dd5cc11e13494f432d15939c3aa8ae76844c42b723398643ce9addb88a5ed420
      url: "https://pub.dev"
    source: hosted
    version: "0.4.0+2"
  web:
    dependency: transitive
    description:
      name: web
      sha256: dc8ccd225a2005c1be616fe02951e2e342092edf968cf0844220383757ef8f10
      url: "https://pub.dev"
    source: hosted
    version: "0.1.4-beta"
  win32:
    dependency: transitive
    description:
      name: win32
      sha256: c97defd418eef4ec88c0d1652cdce84b9f7b63dd7198e266d06ac1710d527067
      url: "https://pub.dev"
    source: hosted
    version: "5.0.8"
  xdg_directories:
    dependency: transitive
    description:
      name: xdg_directories
      sha256: "589ada45ba9e39405c198fe34eb0f607cddb2108527e658136120892beac46d2"
      url: "https://pub.dev"
    source: hosted
    version: "1.0.3"
  xml:
    dependency: transitive
    description:
      name: xml
      sha256: "5bc72e1e45e941d825fd7468b9b4cc3b9327942649aeb6fc5cdbf135f0a86e84"
      url: "https://pub.dev"
    source: hosted
    version: "6.3.0"
sdks:
  dart: ">=3.1.0 <4.0.0"
  flutter: ">=3.13.0"
